{
    "_meta": {
        "hash": {
            "sha256": "93d98f23c2685696cde6c0b6fbe5f632af4b620d8d1fcd5dfa3dd507e710f816"
        },
        "pipfile-spec": 6,
        "requires": {
            "python_version": "3.10"
        },
        "sources": [
            {
                "name": "pypi",
                "url": "https://pypi.org/simple",
                "verify_ssl": true
            }
        ]
    },
    "default": {
        "lark-parser": {
            "hashes": [
                "sha256:0eaf30cb5ba787fe404d73a7d6e61df97b21d5a63ac26c5008c78a494373c675",
                "sha256:15967db1f1214013dca65b1180745047b9be457d73da224fcda3d9dd4e96a138"
            ],
            "index": "pypi",
            "version": "==0.12.0"
        }
    },
    "develop": {}
}
